
Microsoft Visual Studio Solution File, Format Version 12.00
# Visual Studio Version 17
VisualStudioVersion = 17.10.35013.160
MinimumVisualStudioVersion = 10.0.40219.1
Project("{FAE04EC0-301F-11D3-BF4B-00C04F79EFBC}") = "FiboPrime", "FiboPrime.csproj", "{10C7AC89-9DA9-4FB6-9389-60B1B8035C19}"
EndProject
Global
	GlobalSection(SolutionConfigurationPlatforms) = preSolution
		Debug|Any CPU = Debug|Any CPU
		Release|Any CPU = Release|Any CPU
	EndGlobalSection
	GlobalSection(ProjectConfigurationPlatforms) = postSolution
		{10C7AC89-9DA9-4FB6-9389-60B1B8035C19}.Debug|Any CPU.ActiveCfg = Debug|Any CPU
		{10C7AC89-9DA9-4FB6-9389-60B1B8035C19}.Debug|Any CPU.Build.0 = Debug|Any CPU
		{10C7AC89-9DA9-4FB6-9389-60B1B8035C19}.Release|Any CPU.ActiveCfg = Release|Any CPU
		{10C7AC89-9DA9-4FB6-9389-60B1B8035C19}.Release|Any CPU.Build.0 = Release|Any CPU
	EndGlobalSection
	GlobalSection(SolutionProperties) = preSolution
		HideSolutionNode = FALSE
	EndGlobalSection
	GlobalSection(ExtensibilityGlobals) = postSolution
		SolutionGuid = {616F0512-DF9D-436E-9311-479378450E23}
	EndGlobalSection
EndGlobal
