
Microsoft Visual Studio Solution File, Format Version 12.00
# Visual Studio Version 17
VisualStudioVersion = 17.10.35013.160
MinimumVisualStudioVersion = 10.0.40219.1
Project("{FAE04EC0-301F-11D3-BF4B-00C04F79EFBC}") = "Stack", "Stack.csproj", "{23BCB5FD-F7DA-4B01-9EBC-487050362DEA}"
EndProject
Global
	GlobalSection(SolutionConfigurationPlatforms) = preSolution
		Debug|Any CPU = Debug|Any CPU
		Release|Any CPU = Release|Any CPU
	EndGlobalSection
	GlobalSection(ProjectConfigurationPlatforms) = postSolution
		{23BCB5FD-F7DA-4B01-9EBC-487050362DEA}.Debug|Any CPU.ActiveCfg = Debug|Any CPU
		{23BCB5FD-F7DA-4B01-9EBC-487050362DEA}.Debug|Any CPU.Build.0 = Debug|Any CPU
		{23BCB5FD-F7DA-4B01-9EBC-487050362DEA}.Release|Any CPU.ActiveCfg = Release|Any CPU
		{23BCB5FD-F7DA-4B01-9EBC-487050362DEA}.Release|Any CPU.Build.0 = Release|Any CPU
	EndGlobalSection
	GlobalSection(SolutionProperties) = preSolution
		HideSolutionNode = FALSE
	EndGlobalSection
	GlobalSection(ExtensibilityGlobals) = postSolution
		SolutionGuid = {1957DA96-0ACF-4A34-91F5-1E821150DDC7}
	EndGlobalSection
EndGlobal
