
Microsoft Visual Studio Solution File, Format Version 12.00
# Visual Studio Version 17
VisualStudioVersion = 17.10.35013.160
MinimumVisualStudioVersion = 10.0.40219.1
Project("{FAE04EC0-301F-11D3-BF4B-00C04F79EFBC}") = "VirtualandOverride", "VirtualandOverride.csproj", "{F33480F5-F391-4CBD-AA31-0D3974F162E2}"
EndProject
Global
	GlobalSection(SolutionConfigurationPlatforms) = preSolution
		Debug|Any CPU = Debug|Any CPU
		Release|Any CPU = Release|Any CPU
	EndGlobalSection
	GlobalSection(ProjectConfigurationPlatforms) = postSolution
		{F33480F5-F391-4CBD-AA31-0D3974F162E2}.Debug|Any CPU.ActiveCfg = Debug|Any CPU
		{F33480F5-F391-4CBD-AA31-0D3974F162E2}.Debug|Any CPU.Build.0 = Debug|Any CPU
		{F33480F5-F391-4CBD-AA31-0D3974F162E2}.Release|Any CPU.ActiveCfg = Release|Any CPU
		{F33480F5-F391-4CBD-AA31-0D3974F162E2}.Release|Any CPU.Build.0 = Release|Any CPU
	EndGlobalSection
	GlobalSection(SolutionProperties) = preSolution
		HideSolutionNode = FALSE
	EndGlobalSection
	GlobalSection(ExtensibilityGlobals) = postSolution
		SolutionGuid = {89EAE2CB-D448-407F-B6EA-BAF41A0FF7E7}
	EndGlobalSection
EndGlobal
