
Microsoft Visual Studio Solution File, Format Version 12.00
# Visual Studio Version 17
VisualStudioVersion = 17.10.35013.160
MinimumVisualStudioVersion = 10.0.40219.1
Project("{FAE04EC0-301F-11D3-BF4B-00C04F79EFBC}") = "Overloading", "Overloading.csproj", "{9A187D6B-1687-4665-A333-F5D456277711}"
EndProject
Global
	GlobalSection(SolutionConfigurationPlatforms) = preSolution
		Debug|Any CPU = Debug|Any CPU
		Release|Any CPU = Release|Any CPU
	EndGlobalSection
	GlobalSection(ProjectConfigurationPlatforms) = postSolution
		{9A187D6B-1687-4665-A333-F5D456277711}.Debug|Any CPU.ActiveCfg = Debug|Any CPU
		{9A187D6B-1687-4665-A333-F5D456277711}.Debug|Any CPU.Build.0 = Debug|Any CPU
		{9A187D6B-1687-4665-A333-F5D456277711}.Release|Any CPU.ActiveCfg = Release|Any CPU
		{9A187D6B-1687-4665-A333-F5D456277711}.Release|Any CPU.Build.0 = Release|Any CPU
	EndGlobalSection
	GlobalSection(SolutionProperties) = preSolution
		HideSolutionNode = FALSE
	EndGlobalSection
	GlobalSection(ExtensibilityGlobals) = postSolution
		SolutionGuid = {0FF6FCE1-6665-42F2-8903-10B4837BA400}
	EndGlobalSection
EndGlobal
